
Microsoft Visual Studio Solution File, Format Version 12.00
# Visual Studio Version 17
VisualStudioVersion = 17.13.35931.197
MinimumVisualStudioVersion = 10.0.40219.1
Project("{FAE04EC0-301F-11D3-BF4B-00C04F79EFBC}") = "HomeWorkCSpro_06_1_GC_PlayDestructor", "HomeWorkCSpro_06_1_GC_PlayDestructor\HomeWorkCSpro_06_1_GC_PlayDestructor.csproj", "{882D59C5-32D1-4F35-8994-BF6E2FD69EDE}"
EndProject
Project("{FAE04EC0-301F-11D3-BF4B-00C04F79EFBC}") = "HomeWorkCSpro_06_2_GC_StoreIDisposable", "HomeWorkCSpro_06_2_GC_StoreIDisposable\HomeWorkCSpro_06_2_GC_StoreIDisposable.csproj", "{9F3BD4DD-190B-4086-8D9B-3D028638F0E6}"
EndProject
Global
	GlobalSection(SolutionConfigurationPlatforms) = preSolution
		Debug|Any CPU = Debug|Any CPU
		Release|Any CPU = Release|Any CPU
	EndGlobalSection
	GlobalSection(ProjectConfigurationPlatforms) = postSolution
		{882D59C5-32D1-4F35-8994-BF6E2FD69EDE}.Debug|Any CPU.ActiveCfg = Debug|Any CPU
		{882D59C5-32D1-4F35-8994-BF6E2FD69EDE}.Debug|Any CPU.Build.0 = Debug|Any CPU
		{882D59C5-32D1-4F35-8994-BF6E2FD69EDE}.Release|Any CPU.ActiveCfg = Release|Any CPU
		{882D59C5-32D1-4F35-8994-BF6E2FD69EDE}.Release|Any CPU.Build.0 = Release|Any CPU
		{9F3BD4DD-190B-4086-8D9B-3D028638F0E6}.Debug|Any CPU.ActiveCfg = Debug|Any CPU
		{9F3BD4DD-190B-4086-8D9B-3D028638F0E6}.Debug|Any CPU.Build.0 = Debug|Any CPU
		{9F3BD4DD-190B-4086-8D9B-3D028638F0E6}.Release|Any CPU.ActiveCfg = Release|Any CPU
		{9F3BD4DD-190B-4086-8D9B-3D028638F0E6}.Release|Any CPU.Build.0 = Release|Any CPU
	EndGlobalSection
	GlobalSection(SolutionProperties) = preSolution
		HideSolutionNode = FALSE
	EndGlobalSection
	GlobalSection(ExtensibilityGlobals) = postSolution
		SolutionGuid = {73DCF5D2-6DE4-4325-ABA0-02D6EC8CCA86}
	EndGlobalSection
EndGlobal
